
Microsoft Visual Studio Solution File, Format Version 12.00
# Visual Studio 15
VisualStudioVersion = 15.0.27703.2000
MinimumVisualStudioVersion = 10.0.40219.1
Project("{FAE04EC0-301F-11D3-BF4B-00C04F79EFBC}") = "SurvivableArms", "SurvivableArms\SurvivableArms.csproj", "{309793DD-3050-4A84-AE14-D0AEA80DCC4E}"
EndProject
Global
	GlobalSection(SolutionConfigurationPlatforms) = preSolution
		Debug|Any CPU = Debug|Any CPU
		Release|Any CPU = Release|Any CPU
	EndGlobalSection
	GlobalSection(ProjectConfigurationPlatforms) = postSolution
		{309793DD-3050-4A84-AE14-D0AEA80DCC4E}.Debug|Any CPU.ActiveCfg = Debug|Any CPU
		{309793DD-3050-4A84-AE14-D0AEA80DCC4E}.Debug|Any CPU.Build.0 = Debug|Any CPU
		{309793DD-3050-4A84-AE14-D0AEA80DCC4E}.Release|Any CPU.ActiveCfg = Release|Any CPU
		{309793DD-3050-4A84-AE14-D0AEA80DCC4E}.Release|Any CPU.Build.0 = Release|Any CPU
	EndGlobalSection
	GlobalSection(SolutionProperties) = preSolution
		HideSolutionNode = FALSE
	EndGlobalSection
	GlobalSection(ExtensibilityGlobals) = postSolution
		SolutionGuid = {5F5D6B0A-C97E-4405-B839-EF6DC5FB69D5}
	EndGlobalSection
EndGlobal
